// !$*UTF8*$!
{
	archiveVersion = 1;
	classes = {
	};
	objectVersion = 46;
	objects = {

/* Begin PBXBuildFile section */
		F98C08AB1D1A00C200FF89DD /* AppDelegate.swift in Sources */ = {isa = PBXBuildFile; fileRef = F98C08AA1D1A00C200FF89DD /* AppDelegate.swift */; };
		F98C08AD1D1A00C200FF89DD /* ViewController.swift in Sources */ = {isa = PBXBuildFile; fileRef = F98C08AC1D1A00C200FF89DD /* ViewController.swift */; };
		F98C08B01D1A00C200FF89DD /* Main.storyboard in Resources */ = {isa = PBXBuildFile; fileRef = F98C08AE1D1A00C200FF89DD /* Main.storyboard */; };
		F98C08B21D1A00C200FF89DD /* Assets.xcassets in Resources */ = {isa = PBXBuildFile; fileRef = F98C08B11D1A00C200FF89DD /* Assets.xcassets */; };
		F98C08B51D1A00C200FF89DD /* LaunchScreen.storyboard in Resources */ = {isa = PBXBuildFile; fileRef = F98C08B31D1A00C200FF89DD /* LaunchScreen.storyboard */; };
/* End PBXBuildFile section */

/* Begin PBXFileReference section */
		F98C08A71D1A00C200FF89DD /* TipPro.app */ = {isa = PBXFileReference; explicitFileType = wrapper.application; includeInIndex = 0; path = TipPro.app; sourceTree = BUILT_PRODUCTS_DIR; };
		F98C08AA1D1A00C200FF89DD /* AppDelegate.swift */ = {isa = PBXFileReference; lastKnownFileType = sourcecode.swift; path = AppDelegate.swift; sourceTree = "<group>"; };
		F98C08AC1D1A00C200FF89DD /* ViewController.swift */ = {isa = PBXFileReference; lastKnownFileType = sourcecode.swift; path = ViewController.swift; sourceTree = "<group>"; };
		F98C08AF1D1A00C200FF89DD /* Base */ = {isa = PBXFileReference; lastKnownFileType = file.storyboard; name = Base; path = Base.lproj/Main.storyboard; sourceTree = "<group>"; };
		F98C08B11D1A00C200FF89DD /* Assets.xcassets */ = {isa = PBXFileReference; lastKnownFileType = folder.assetcatalog; path = Assets.xcassets; sourceTree = "<group>"; };
		F98C08B41D1A00C200FF89DD /* Base */ = {isa = PBXFileReference; lastKnownFileType = file.storyboard; name = Base; path = Base.lproj/LaunchScreen.storyboard; sourceTree = "<group>"; };
		F98C08B61D1A00C200FF89DD /* Info.plist */ = {isa = PBXFileReference; lastKnownFileType = text.plist.xml; path = Info.plist; sourceTree = "<group>"; };
/* End PBXFileReference section */

/* Begin PBXFrameworksBuildPhase section */
		F98C08A41D1A00C200FF89DD /* Frameworks */ = {
			isa = PBXFrameworksBuildPhase;
			buildActionMask = 2147483647;
			files = (
			);
			runOnlyForDeploymentPostprocessing = 0;
		};
/* End PBXFrameworksBuildPhase section */

/* Begin PBXGroup section */
		F98C089E1D1A00C200FF89DD = {
			isa = PBXGroup;
			children = (
				F98C08A91D1A00C200FF89DD /* TipPro */,
				F98C08A81D1A00C200FF89DD /* Products */,
			);
			sourceTree = "<group>";
		};
		F98C08A81D1A00C200FF89DD /* Products */ = {
			isa = PBXGroup;
			children = (
				F98C08A71D1A00C200FF89DD /* TipPro.app */,
			);
			name = Products;
			sourceTree = "<group>";
		};
		F98C08A91D1A00C200FF89DD /* TipPro */ = {
			isa = PBXGroup;
			children = (
				F98C08AA1D1A00C200FF89DD /* AppDelegate.swift */,
				F98C08AC1D1A00C200FF89DD /* ViewController.swift */,
				F98C08AE1D1A00C200FF89DD /* Main.storyboard */,
				F98C08B11D1A00C200FF89DD /* Assets.xcassets */,
				F98C08B31D1A00C200FF89DD /* LaunchScreen.storyboard */,
				F98C08B61D1A00C200FF89DD /* Info.plist */,
			);
			path = TipPro;
			sourceTree = "<group>";
		};
/* End PBXGroup section */

/* Begin PBXNativeTarget section */
		F98C08A61D1A00C200FF89DD /* TipPro */ = {
			isa = PBXNativeTarget;
			buildConfigurationList = F98C08B91D1A00C200FF89DD /* Build configuration list for PBXNativeTarget "TipPro" */;
			buildPhases = (
				F98C08A31D1A00C200FF89DD /* Sources */,
				F98C08A41D1A00C200FF89DD /* Frameworks */,
				F98C08A51D1A00C200FF89DD /* Resources */,
			);
			buildRules = (
			);
			dependencies = (
			);
			name = TipPro;
			productName = TipPro;
			productReference = F98C08A71D1A00C200FF89DD /* TipPro.app */;
			productType = "com.apple.product-type.application";
		};
/* End PBXNativeTarget section */

/* Begin PBXProject section */
		F98C089F1D1A00C200FF89DD /* Project object */ = {
			isa = PBXProject;
			attributes = {
				LastSwiftUpdateCheck = 0730;
				LastUpgradeCheck = 0730;
				ORGANIZATIONNAME = Samraj;
				TargetAttributes = {
					F98C08A61D1A00C200FF89DD = {
						CreatedOnToolsVersion = 7.3.1;
					};
				};
			};
			buildConfigurationList = F98C08A21D1A00C200FF89DD /* Build configuration list for PBXProject "TipPro" */;
			compatibilityVersion = "Xcode 3.2";
			developmentRegion = English;
			hasScannedForEncodings = 0;
			knownRegions = (
				en,
				Base,
			);
			mainGroup = F98C089E1D1A00C200FF89DD;
			productRefGroup = F98C08A81D1A00C200FF89DD /* Products */;
			projectDirPath = "";
			projectRoot = "";
			targets = (
				F98C08A61D1A00C200FF89DD /* TipPro */,
			);
		};
/* End PBXProject section */

/* Begin PBXResourcesBuildPhase section */
		F98C08A51D1A00C200FF89DD /* Resources */ = {
			isa = PBXResourcesBuildPhase;
			buildActionMask = 2147483647;
			files = (
				F98C08B51D1A00C200FF89DD /* LaunchScreen.storyboard in Resources */,
				F98C08B21D1A00C200FF89DD /* Assets.xcassets in Resources */,
				F98C08B01D1A00C200FF89DD /* Main.storyboard in Resources */,
			);
			runOnlyForDeploymentPostprocessing = 0;
		};
/* End PBXResourcesBuildPhase section */

/* Begin PBXSourcesBuildPhase section */
		F98C08A31D1A00C200FF89DD /* Sources */ = {
			isa = PBXSourcesBuildPhase;
			buildActionMask = 2147483647;
			files = (
				F98C08AD1D1A00C200FF89DD /* ViewController.swift in Sources */,
				F98C08AB1D1A00C200FF89DD /* AppDelegate.swift in Sources */,
			);
			runOnlyForDeploymentPostprocessing = 0;
		};
/* End PBXSourcesBuildPhase section */

/* Begin PBXVariantGroup section */
		F98C08AE1D1A00C200FF89DD /* Main.storyboard */ = {
			isa = PBXVariantGroup;
			children = (
				F98C08AF1D1A00C200FF89DD /* Base */,
			);
			name = Main.storyboard;
			sourceTree = "<group>";
		};
		F98C08B31D1A00C200FF89DD /* LaunchScreen.storyboard */ = {
			isa = PBXVariantGroup;
			children = (
				F98C08B41D1A00C200FF89DD /* Base */,
			);
			name = LaunchScreen.storyboard;
			sourceTree = "<group>";
		};
/* End PBXVariantGroup section */

/* Begin XCBuildConfiguration section */
		F98C08B71D1A00C200FF89DD /* Debug */ = {
			isa = XCBuildConfiguration;
			buildSettings = {
				ALWAYS_SEARCH_USER_PATHS = NO;
				CLANG_ANALYZER_NONNULL = YES;
				CLANG_CXX_LANGUAGE_STANDARD = "gnu++0x";
				CLANG_CXX_LIBRARY = "libc++";
				CLANG_ENABLE_MODULES = YES;
				CLANG_ENABLE_OBJC_ARC = YES;
				CLANG_WARN_BOOL_CONVERSION = YES;
				CLANG_WARN_CONSTANT_CONVERSION = YES;
				CLANG_WARN_DIRECT_OBJC_ISA_USAGE = YES_ERROR;
				CLANG_WARN_EMPTY_BODY = YES;
				CLANG_WARN_ENUM_CONVERSION = YES;
				CLANG_WARN_INT_CONVERSION = YES;
				CLANG_WARN_OBJC_ROOT_CLASS = YES_ERROR;
				CLANG_WARN_UNREACHABLE_CODE = YES;
				CLANG_WARN__DUPLICATE_METHOD_MATCH = YES;
				"CODE_SIGN_IDENTITY[sdk=iphoneos*]" = "iPhone Developer";
				COPY_PHASE_STRIP = NO;
				DEBUG_INFORMATION_FORMAT = dwarf;
				ENABLE_STRICT_OBJC_MSGSEND = YES;
				ENABLE_TESTABILITY = YES;
				GCC_C_LANGUAGE_STANDARD = gnu99;
				GCC_DYNAMIC_NO_PIC = NO;
				GCC_NO_COMMON_BLOCKS = YES;
				GCC_OPTIMIZATION_LEVEL = 0;
				GCC_PREPROCESSOR_DEFINITIONS = (
					"DEBUG=1",
					"$(inherited)",
				);
				GCC_WARN_64_TO_32_BIT_CONVERSION = YES;
				GCC_WARN_ABOUT_RETURN_TYPE = YES_ERROR;
				GCC_WARN_UNDECLARED_SELECTOR = YES;
				GCC_WARN_UNINITIALIZED_AUTOS = YES_AGGRESSIVE;
				GCC_WARN_UNUSED_FUNCTION = YES;
				GCC_WARN_UNUSED_VARIABLE = YES;
				IPHONEOS_DEPLOYMENT_TARGET = 9.3;
				MTL_ENABLE_DEBUG_INFO = YES;
				ONLY_ACTIVE_ARCH = YES;
				SDKROOT = iphoneos;
				SWIFT_OPTIMIZATION_LEVEL = "-Onone";
			};
			name = Debug;
		};
		F98C08B81D1A00C200FF89DD /* Release */ = {
			isa = XCBuildConfiguration;
			buildSettings = {
				ALWAYS_SEARCH_USER_PATHS = NO;
				CLANG_ANALYZER_NONNULL = YES;
				CLANG_CXX_LANGUAGE_STANDARD = "gnu++0x";
				CLANG_CXX_LIBRARY = "libc++";
				CLANG_ENABLE_MODULES = YES;
				CLANG_ENABLE_OBJC_ARC = YES;
				CLANG_WARN_BOOL_CONVERSION = YES;
				CLANG_WARN_CONSTANT_CONVERSION = YES;
				CLANG_WARN_DIRECT_OBJC_ISA_USAGE = YES_ERROR;
				CLANG_WARN_EMPTY_BODY = YES;
				CLANG_WARN_ENUM_CONVERSION = YES;
				CLANG_WARN_INT_CONVERSION = YES;
				CLANG_WARN_OBJC_ROOT_CLASS = YES_ERROR;
				CLANG_WARN_UNREACHABLE_CODE = YES;
				CLANG_WARN__DUPLICATE_METHOD_MATCH = YES;
				"CODE_SIGN_IDENTITY[sdk=iphoneos*]" = "iPhone Developer";
				COPY_PHASE_STRIP = NO;
				DEBUG_INFORMATION_FORMAT = "dwarf-with-dsym";
				ENABLE_NS_ASSERTIONS = NO;
				ENABLE_STRICT_OBJC_MSGSEND = YES;
				GCC_C_LANGUAGE_STANDARD = gnu99;
				GCC_NO_COMMON_BLOCKS = YES;
				GCC_WARN_64_TO_32_BIT_CONVERSION = YES;
				GCC_WARN_ABOUT_RETURN_TYPE = YES_ERROR;
				GCC_WARN_UNDECLARED_SELECTOR = YES;
				GCC_WARN_UNINITIALIZED_AUTOS = YES_AGGRESSIVE;
				GCC_WARN_UNUSED_FUNCTION = YES;
				GCC_WARN_UNUSED_VARIABLE = YES;
				IPHONEOS_DEPLOYMENT_TARGET = 9.3;
				MTL_ENABLE_DEBUG_INFO = NO;
				SDKROOT = iphoneos;
				VALIDATE_PRODUCT = YES;
			};
			name = Release;
		};
		F98C08BA1D1A00C200FF89DD /* Debug */ = {
			isa = XCBuildConfiguration;
			buildSettings = {
				ASSETCATALOG_COMPILER_APPICON_NAME = AppIcon;
				INFOPLIST_FILE = TipPro/Info.plist;
				LD_RUNPATH_SEARCH_PATHS = "$(inherited) @executable_path/Frameworks";
				PRODUCT_BUNDLE_IDENTIFIER = com.Kalkat.TipPro;
				PRODUCT_NAME = "$(TARGET_NAME)";
			};
			name = Debug;
		};
		F98C08BB1D1A00C200FF89DD /* Release */ = {
			isa = XCBuildConfiguration;
			buildSettings = {
				ASSETCATALOG_COMPILER_APPICON_NAME = AppIcon;
				INFOPLIST_FILE = TipPro/Info.plist;
				LD_RUNPATH_SEARCH_PATHS = "$(inherited) @executable_path/Frameworks";
				PRODUCT_BUNDLE_IDENTIFIER = com.Kalkat.TipPro;
				PRODUCT_NAME = "$(TARGET_NAME)";
			};
			name = Release;
		};
/* End XCBuildConfiguration section */

/* Begin XCConfigurationList section */
		F98C08A21D1A00C200FF89DD /* Build configuration list for PBXProject "TipPro" */ = {
			isa = XCConfigurationList;
			buildConfigurations = (
				F98C08B71D1A00C200FF89DD /* Debug */,
				F98C08B81D1A00C200FF89DD /* Release */,
			);
			defaultConfigurationIsVisible = 0;
			defaultConfigurationName = Release;
		};
		F98C08B91D1A00C200FF89DD /* Build configuration list for PBXNativeTarget "TipPro" */ = {
			isa = XCConfigurationList;
			buildConfigurations = (
				F98C08BA1D1A00C200FF89DD /* Debug */,
				F98C08BB1D1A00C200FF89DD /* Release */,
			);
			defaultConfigurationIsVisible = 0;
		};
/* End XCConfigurationList section */
	};
	rootObject = F98C089F1D1A00C200FF89DD /* Project object */;
}
